
Microsoft Visual Studio Solution File, Format Version 12.00
# Visual Studio Version 17
VisualStudioVersion = 17.8.34525.116
MinimumVisualStudioVersion = 10.0.40219.1
Project("{FAE04EC0-301F-11D3-BF4B-00C04F79EFBC}") = "1eraAplicacion", "1eraAplicacion\1eraAplicacion.csproj", "{B6704C3A-C943-40E8-B0CD-76DBFB06580A}"
EndProject
Global
	GlobalSection(SolutionConfigurationPlatforms) = preSolution
		Debug|Any CPU = Debug|Any CPU
		Release|Any CPU = Release|Any CPU
	EndGlobalSection
	GlobalSection(ProjectConfigurationPlatforms) = postSolution
		{B6704C3A-C943-40E8-B0CD-76DBFB06580A}.Debug|Any CPU.ActiveCfg = Debug|Any CPU
		{B6704C3A-C943-40E8-B0CD-76DBFB06580A}.Debug|Any CPU.Build.0 = Debug|Any CPU
		{B6704C3A-C943-40E8-B0CD-76DBFB06580A}.Release|Any CPU.ActiveCfg = Release|Any CPU
		{B6704C3A-C943-40E8-B0CD-76DBFB06580A}.Release|Any CPU.Build.0 = Release|Any CPU
	EndGlobalSection
	GlobalSection(SolutionProperties) = preSolution
		HideSolutionNode = FALSE
	EndGlobalSection
	GlobalSection(ExtensibilityGlobals) = postSolution
		SolutionGuid = {14AB5373-9AF0-4393-95D8-82F783791823}
	EndGlobalSection
EndGlobal
